// !$*UTF8*$!
{
	archiveVersion = 1;
	classes = {
	};
	objectVersion = 46;
	objects = {

/* Begin PBXBuildFile section */
		5A5EFC751E597B5200F15F59 /* main.m in Sources */ = {isa = PBXBuildFile; fileRef = 5A5EFC741E597B5200F15F59 /* main.m */; };
		5A5EFC781E597B5200F15F59 /* AppDelegate.m in Sources */ = {isa = PBXBuildFile; fileRef = 5A5EFC771E597B5200F15F59 /* AppDelegate.m */; };
		5A5EFC7B1E597B5200F15F59 /* ViewController.m in Sources */ = {isa = PBXBuildFile; fileRef = 5A5EFC7A1E597B5200F15F59 /* ViewController.m */; };
		5A5EFC7E1E597B5200F15F59 /* Main.storyboard in Resources */ = {isa = PBXBuildFile; fileRef = 5A5EFC7C1E597B5200F15F59 /* Main.storyboard */; };
		5A5EFC801E597B5200F15F59 /* Assets.xcassets in Resources */ = {isa = PBXBuildFile; fileRef = 5A5EFC7F1E597B5200F15F59 /* Assets.xcassets */; };
		5A5EFC831E597B5200F15F59 /* LaunchScreen.storyboard in Resources */ = {isa = PBXBuildFile; fileRef = 5A5EFC811E597B5200F15F59 /* LaunchScreen.storyboard */; };
		5A5EFCEB1E5A927B00F15F59 /* FLAnimatedImageView+WebCache.m in Sources */ = {isa = PBXBuildFile; fileRef = 5A5EFCC31E5A927B00F15F59 /* FLAnimatedImageView+WebCache.m */; };
		5A5EFCEC1E5A927B00F15F59 /* MKAnnotationView+WebCache.m in Sources */ = {isa = PBXBuildFile; fileRef = 5A5EFCC51E5A927B00F15F59 /* MKAnnotationView+WebCache.m */; };
		5A5EFCED1E5A927B00F15F59 /* NSData+ImageContentType.m in Sources */ = {isa = PBXBuildFile; fileRef = 5A5EFCC71E5A927B00F15F59 /* NSData+ImageContentType.m */; };
		5A5EFCEE1E5A927B00F15F59 /* NSImage+WebCache.m in Sources */ = {isa = PBXBuildFile; fileRef = 5A5EFCC91E5A927B00F15F59 /* NSImage+WebCache.m */; };
		5A5EFCEF1E5A927B00F15F59 /* SDImageCache.m in Sources */ = {isa = PBXBuildFile; fileRef = 5A5EFCCB1E5A927B00F15F59 /* SDImageCache.m */; };
		5A5EFCF01E5A927B00F15F59 /* SDImageCacheConfig.m in Sources */ = {isa = PBXBuildFile; fileRef = 5A5EFCCD1E5A927B00F15F59 /* SDImageCacheConfig.m */; };
		5A5EFCF11E5A927B00F15F59 /* SDWebImageCompat.m in Sources */ = {isa = PBXBuildFile; fileRef = 5A5EFCCF1E5A927B00F15F59 /* SDWebImageCompat.m */; };
		5A5EFCF21E5A927B00F15F59 /* SDWebImageDecoder.m in Sources */ = {isa = PBXBuildFile; fileRef = 5A5EFCD11E5A927B00F15F59 /* SDWebImageDecoder.m */; };
		5A5EFCF31E5A927B00F15F59 /* SDWebImageDownloader.m in Sources */ = {isa = PBXBuildFile; fileRef = 5A5EFCD31E5A927B00F15F59 /* SDWebImageDownloader.m */; };
		5A5EFCF41E5A927B00F15F59 /* SDWebImageDownloaderOperation.m in Sources */ = {isa = PBXBuildFile; fileRef = 5A5EFCD51E5A927B00F15F59 /* SDWebImageDownloaderOperation.m */; };
		5A5EFCF51E5A927B00F15F59 /* SDWebImageManager.m in Sources */ = {isa = PBXBuildFile; fileRef = 5A5EFCD71E5A927B00F15F59 /* SDWebImageManager.m */; };
		5A5EFCF61E5A927B00F15F59 /* SDWebImagePrefetcher.m in Sources */ = {isa = PBXBuildFile; fileRef = 5A5EFCDA1E5A927B00F15F59 /* SDWebImagePrefetcher.m */; };
		5A5EFCF71E5A927B00F15F59 /* UIButton+WebCache.m in Sources */ = {isa = PBXBuildFile; fileRef = 5A5EFCDC1E5A927B00F15F59 /* UIButton+WebCache.m */; };
		5A5EFCF81E5A927B00F15F59 /* UIImage+GIF.m in Sources */ = {isa = PBXBuildFile; fileRef = 5A5EFCDE1E5A927B00F15F59 /* UIImage+GIF.m */; };
		5A5EFCF91E5A927B00F15F59 /* UIImage+MultiFormat.m in Sources */ = {isa = PBXBuildFile; fileRef = 5A5EFCE01E5A927B00F15F59 /* UIImage+MultiFormat.m */; };
		5A5EFCFA1E5A927B00F15F59 /* UIImage+WebP.m in Sources */ = {isa = PBXBuildFile; fileRef = 5A5EFCE21E5A927B00F15F59 /* UIImage+WebP.m */; };
		5A5EFCFB1E5A927B00F15F59 /* UIImageView+HighlightedWebCache.m in Sources */ = {isa = PBXBuildFile; fileRef = 5A5EFCE41E5A927B00F15F59 /* UIImageView+HighlightedWebCache.m */; };
		5A5EFCFC1E5A927B00F15F59 /* UIImageView+WebCache.m in Sources */ = {isa = PBXBuildFile; fileRef = 5A5EFCE61E5A927B00F15F59 /* UIImageView+WebCache.m */; };
		5A5EFCFD1E5A927B00F15F59 /* UIView+WebCache.m in Sources */ = {isa = PBXBuildFile; fileRef = 5A5EFCE81E5A927B00F15F59 /* UIView+WebCache.m */; };
		5A5EFCFE1E5A927B00F15F59 /* UIView+WebCacheOperation.m in Sources */ = {isa = PBXBuildFile; fileRef = 5A5EFCEA1E5A927B00F15F59 /* UIView+WebCacheOperation.m */; };
		5A5EFD051E5A940800F15F59 /* FLAnimatedImage.m in Sources */ = {isa = PBXBuildFile; fileRef = 5A5EFD011E5A940800F15F59 /* FLAnimatedImage.m */; };
		5A5EFD061E5A940800F15F59 /* FLAnimatedImageView.m in Sources */ = {isa = PBXBuildFile; fileRef = 5A5EFD031E5A940800F15F59 /* FLAnimatedImageView.m */; };
		5A5EFD071E5A940800F15F59 /* Info.plist in Resources */ = {isa = PBXBuildFile; fileRef = 5A5EFD041E5A940800F15F59 /* Info.plist */; };
		5A5EFD4A1E5B63EC00F15F59 /* libsqlite3.0.tbd in Frameworks */ = {isa = PBXBuildFile; fileRef = 5A5EFD491E5B63EC00F15F59 /* libsqlite3.0.tbd */; };
		5A5EFD4C1E5B641100F15F59 /* libc++.tbd in Frameworks */ = {isa = PBXBuildFile; fileRef = 5A5EFD4B1E5B641100F15F59 /* libc++.tbd */; };
		5A5EFD4E1E5B643700F15F59 /* libstdc++.6.0.9.tbd in Frameworks */ = {isa = PBXBuildFile; fileRef = 5A5EFD4D1E5B643700F15F59 /* libstdc++.6.0.9.tbd */; };
		5A9154951E60421700712E54 /* libz.tbd in Frameworks */ = {isa = PBXBuildFile; fileRef = 5A9154941E60421700712E54 /* libz.tbd */; };
		5A9154971E60422400712E54 /* ImageIO.framework in Frameworks */ = {isa = PBXBuildFile; fileRef = 5A9154961E60422400712E54 /* ImageIO.framework */; };
		5A9154991E60422F00712E54 /* Accelerate.framework in Frameworks */ = {isa = PBXBuildFile; fileRef = 5A9154981E60422F00712E54 /* Accelerate.framework */; };
		5A91549B1E60423A00712E54 /* MobileCoreServices.framework in Frameworks */ = {isa = PBXBuildFile; fileRef = 5A91549A1E60423A00712E54 /* MobileCoreServices.framework */; };
		5A91549D1E60424800712E54 /* QuartzCore.framework in Frameworks */ = {isa = PBXBuildFile; fileRef = 5A91549C1E60424800712E54 /* QuartzCore.framework */; };
		5A91549F1E60425400712E54 /* AssetsLibrary.framework in Frameworks */ = {isa = PBXBuildFile; fileRef = 5A91549E1E60425400712E54 /* AssetsLibrary.framework */; };
		5A9154A11E60426000712E54 /* CoreFoundation.framework in Frameworks */ = {isa = PBXBuildFile; fileRef = 5A9154A01E60426000712E54 /* CoreFoundation.framework */; };
		5A9154A31E60426C00712E54 /* libsqlite3.tbd in Frameworks */ = {isa = PBXBuildFile; fileRef = 5A9154A21E60426C00712E54 /* libsqlite3.tbd */; };
		5A9154A51E60428D00712E54 /* UIKit.framework in Frameworks */ = {isa = PBXBuildFile; fileRef = 5A9154A41E60428D00712E54 /* UIKit.framework */; };
		5A9154AF1E62DF1600712E54 /* GYCollectionViewCell.m in Sources */ = {isa = PBXBuildFile; fileRef = 5A9154A91E62DF1600712E54 /* GYCollectionViewCell.m */; };
		5A9154B01E62DF1600712E54 /* GYPhotoBrowserVC.m in Sources */ = {isa = PBXBuildFile; fileRef = 5A9154AB1E62DF1600712E54 /* GYPhotoBrowserVC.m */; };
		5A9154B11E62DF1600712E54 /* UIView+YGYAdd.m in Sources */ = {isa = PBXBuildFile; fileRef = 5A9154AD1E62DF1600712E54 /* UIView+YGYAdd.m */; };
/* End PBXBuildFile section */

/* Begin PBXFileReference section */
		5A5EFC701E597B5200F15F59 /* GYPhotoBrowser.app */ = {isa = PBXFileReference; explicitFileType = wrapper.application; includeInIndex = 0; path = GYPhotoBrowser.app; sourceTree = BUILT_PRODUCTS_DIR; };
		5A5EFC741E597B5200F15F59 /* main.m */ = {isa = PBXFileReference; lastKnownFileType = sourcecode.c.objc; path = main.m; sourceTree = "<group>"; };
		5A5EFC761E597B5200F15F59 /* AppDelegate.h */ = {isa = PBXFileReference; lastKnownFileType = sourcecode.c.h; path = AppDelegate.h; sourceTree = "<group>"; };
		5A5EFC771E597B5200F15F59 /* AppDelegate.m */ = {isa = PBXFileReference; lastKnownFileType = sourcecode.c.objc; path = AppDelegate.m; sourceTree = "<group>"; };
		5A5EFC791E597B5200F15F59 /* ViewController.h */ = {isa = PBXFileReference; lastKnownFileType = sourcecode.c.h; path = ViewController.h; sourceTree = "<group>"; };
		5A5EFC7A1E597B5200F15F59 /* ViewController.m */ = {isa = PBXFileReference; lastKnownFileType = sourcecode.c.objc; path = ViewController.m; sourceTree = "<group>"; };
		5A5EFC7D1E597B5200F15F59 /* Base */ = {isa = PBXFileReference; lastKnownFileType = file.storyboard; name = Base; path = Base.lproj/Main.storyboard; sourceTree = "<group>"; };
		5A5EFC7F1E597B5200F15F59 /* Assets.xcassets */ = {isa = PBXFileReference; lastKnownFileType = folder.assetcatalog; path = Assets.xcassets; sourceTree = "<group>"; };
		5A5EFC821E597B5200F15F59 /* Base */ = {isa = PBXFileReference; lastKnownFileType = file.storyboard; name = Base; path = Base.lproj/LaunchScreen.storyboard; sourceTree = "<group>"; };
		5A5EFC841E597B5200F15F59 /* Info.plist */ = {isa = PBXFileReference; lastKnownFileType = text.plist.xml; path = Info.plist; sourceTree = "<group>"; };
		5A5EFCC21E5A927B00F15F59 /* FLAnimatedImageView+WebCache.h */ = {isa = PBXFileReference; fileEncoding = 4; lastKnownFileType = sourcecode.c.h; path = "FLAnimatedImageView+WebCache.h"; sourceTree = "<group>"; };
		5A5EFCC31E5A927B00F15F59 /* FLAnimatedImageView+WebCache.m */ = {isa = PBXFileReference; fileEncoding = 4; lastKnownFileType = sourcecode.c.objc; path = "FLAnimatedImageView+WebCache.m"; sourceTree = "<group>"; };
		5A5EFCC41E5A927B00F15F59 /* MKAnnotationView+WebCache.h */ = {isa = PBXFileReference; fileEncoding = 4; lastKnownFileType = sourcecode.c.h; path = "MKAnnotationView+WebCache.h"; sourceTree = "<group>"; };
		5A5EFCC51E5A927B00F15F59 /* MKAnnotationView+WebCache.m */ = {isa = PBXFileReference; fileEncoding = 4; lastKnownFileType = sourcecode.c.objc; path = "MKAnnotationView+WebCache.m"; sourceTree = "<group>"; };
		5A5EFCC61E5A927B00F15F59 /* NSData+ImageContentType.h */ = {isa = PBXFileReference; fileEncoding = 4; lastKnownFileType = sourcecode.c.h; path = "NSData+ImageContentType.h"; sourceTree = "<group>"; };
		5A5EFCC71E5A927B00F15F59 /* NSData+ImageContentType.m */ = {isa = PBXFileReference; fileEncoding = 4; lastKnownFileType = sourcecode.c.objc; path = "NSData+ImageContentType.m"; sourceTree = "<group>"; };
		5A5EFCC81E5A927B00F15F59 /* NSImage+WebCache.h */ = {isa = PBXFileReference; fileEncoding = 4; lastKnownFileType = sourcecode.c.h; path = "NSImage+WebCache.h"; sourceTree = "<group>"; };
		5A5EFCC91E5A927B00F15F59 /* NSImage+WebCache.m */ = {isa = PBXFileReference; fileEncoding = 4; lastKnownFileType = sourcecode.c.objc; path = "NSImage+WebCache.m"; sourceTree = "<group>"; };
		5A5EFCCA1E5A927B00F15F59 /* SDImageCache.h */ = {isa = PBXFileReference; fileEncoding = 4; lastKnownFileType = sourcecode.c.h; path = SDImageCache.h; sourceTree = "<group>"; };
		5A5EFCCB1E5A927B00F15F59 /* SDImageCache.m */ = {isa = PBXFileReference; fileEncoding = 4; lastKnownFileType = sourcecode.c.objc; path = SDImageCache.m; sourceTree = "<group>"; };
		5A5EFCCC1E5A927B00F15F59 /* SDImageCacheConfig.h */ = {isa = PBXFileReference; fileEncoding = 4; lastKnownFileType = sourcecode.c.h; path = SDImageCacheConfig.h; sourceTree = "<group>"; };
		5A5EFCCD1E5A927B00F15F59 /* SDImageCacheConfig.m */ = {isa = PBXFileReference; fileEncoding = 4; lastKnownFileType = sourcecode.c.objc; path = SDImageCacheConfig.m; sourceTree = "<group>"; };
		5A5EFCCE1E5A927B00F15F59 /* SDWebImageCompat.h */ = {isa = PBXFileReference; fileEncoding = 4; lastKnownFileType = sourcecode.c.h; path = SDWebImageCompat.h; sourceTree = "<group>"; };
		5A5EFCCF1E5A927B00F15F59 /* SDWebImageCompat.m */ = {isa = PBXFileReference; fileEncoding = 4; lastKnownFileType = sourcecode.c.objc; path = SDWebImageCompat.m; sourceTree = "<group>"; };
		5A5EFCD01E5A927B00F15F59 /* SDWebImageDecoder.h */ = {isa = PBXFileReference; fileEncoding = 4; lastKnownFileType = sourcecode.c.h; path = SDWebImageDecoder.h; sourceTree = "<group>"; };
		5A5EFCD11E5A927B00F15F59 /* SDWebImageDecoder.m */ = {isa = PBXFileReference; fileEncoding = 4; lastKnownFileType = sourcecode.c.objc; path = SDWebImageDecoder.m; sourceTree = "<group>"; };
		5A5EFCD21E5A927B00F15F59 /* SDWebImageDownloader.h */ = {isa = PBXFileReference; fileEncoding = 4; lastKnownFileType = sourcecode.c.h; path = SDWebImageDownloader.h; sourceTree = "<group>"; };
		5A5EFCD31E5A927B00F15F59 /* SDWebImageDownloader.m */ = {isa = PBXFileReference; fileEncoding = 4; lastKnownFileType = sourcecode.c.objc; path = SDWebImageDownloader.m; sourceTree = "<group>"; };
		5A5EFCD41E5A927B00F15F59 /* SDWebImageDownloaderOperation.h */ = {isa = PBXFileReference; fileEncoding = 4; lastKnownFileType = sourcecode.c.h; path = SDWebImageDownloaderOperation.h; sourceTree = "<group>"; };
		5A5EFCD51E5A927B00F15F59 /* SDWebImageDownloaderOperation.m */ = {isa = PBXFileReference; fileEncoding = 4; lastKnownFileType = sourcecode.c.objc; path = SDWebImageDownloaderOperation.m; sourceTree = "<group>"; };
		5A5EFCD61E5A927B00F15F59 /* SDWebImageManager.h */ = {isa = PBXFileReference; fileEncoding = 4; lastKnownFileType = sourcecode.c.h; path = SDWebImageManager.h; sourceTree = "<group>"; };
		5A5EFCD71E5A927B00F15F59 /* SDWebImageManager.m */ = {isa = PBXFileReference; fileEncoding = 4; lastKnownFileType = sourcecode.c.objc; path = SDWebImageManager.m; sourceTree = "<group>"; };
		5A5EFCD81E5A927B00F15F59 /* SDWebImageOperation.h */ = {isa = PBXFileReference; fileEncoding = 4; lastKnownFileType = sourcecode.c.h; path = SDWebImageOperation.h; sourceTree = "<group>"; };
		5A5EFCD91E5A927B00F15F59 /* SDWebImagePrefetcher.h */ = {isa = PBXFileReference; fileEncoding = 4; lastKnownFileType = sourcecode.c.h; path = SDWebImagePrefetcher.h; sourceTree = "<group>"; };
		5A5EFCDA1E5A927B00F15F59 /* SDWebImagePrefetcher.m */ = {isa = PBXFileReference; fileEncoding = 4; lastKnownFileType = sourcecode.c.objc; path = SDWebImagePrefetcher.m; sourceTree = "<group>"; };
		5A5EFCDB1E5A927B00F15F59 /* UIButton+WebCache.h */ = {isa = PBXFileReference; fileEncoding = 4; lastKnownFileType = sourcecode.c.h; path = "UIButton+WebCache.h"; sourceTree = "<group>"; };
		5A5EFCDC1E5A927B00F15F59 /* UIButton+WebCache.m */ = {isa = PBXFileReference; fileEncoding = 4; lastKnownFileType = sourcecode.c.objc; path = "UIButton+WebCache.m"; sourceTree = "<group>"; };
		5A5EFCDD1E5A927B00F15F59 /* UIImage+GIF.h */ = {isa = PBXFileReference; fileEncoding = 4; lastKnownFileType = sourcecode.c.h; path = "UIImage+GIF.h"; sourceTree = "<group>"; };
		5A5EFCDE1E5A927B00F15F59 /* UIImage+GIF.m */ = {isa = PBXFileReference; fileEncoding = 4; lastKnownFileType = sourcecode.c.objc; path = "UIImage+GIF.m"; sourceTree = "<group>"; };
		5A5EFCDF1E5A927B00F15F59 /* UIImage+MultiFormat.h */ = {isa = PBXFileReference; fileEncoding = 4; lastKnownFileType = sourcecode.c.h; path = "UIImage+MultiFormat.h"; sourceTree = "<group>"; };
		5A5EFCE01E5A927B00F15F59 /* UIImage+MultiFormat.m */ = {isa = PBXFileReference; fileEncoding = 4; lastKnownFileType = sourcecode.c.objc; path = "UIImage+MultiFormat.m"; sourceTree = "<group>"; };
		5A5EFCE11E5A927B00F15F59 /* UIImage+WebP.h */ = {isa = PBXFileReference; fileEncoding = 4; lastKnownFileType = sourcecode.c.h; path = "UIImage+WebP.h"; sourceTree = "<group>"; };
		5A5EFCE21E5A927B00F15F59 /* UIImage+WebP.m */ = {isa = PBXFileReference; fileEncoding = 4; lastKnownFileType = sourcecode.c.objc; path = "UIImage+WebP.m"; sourceTree = "<group>"; };
		5A5EFCE31E5A927B00F15F59 /* UIImageView+HighlightedWebCache.h */ = {isa = PBXFileReference; fileEncoding = 4; lastKnownFileType = sourcecode.c.h; path = "UIImageView+HighlightedWebCache.h"; sourceTree = "<group>"; };
		5A5EFCE41E5A927B00F15F59 /* UIImageView+HighlightedWebCache.m */ = {isa = PBXFileReference; fileEncoding = 4; lastKnownFileType = sourcecode.c.objc; path = "UIImageView+HighlightedWebCache.m"; sourceTree = "<group>"; };
		5A5EFCE51E5A927B00F15F59 /* UIImageView+WebCache.h */ = {isa = PBXFileReference; fileEncoding = 4; lastKnownFileType = sourcecode.c.h; path = "UIImageView+WebCache.h"; sourceTree = "<group>"; };
		5A5EFCE61E5A927B00F15F59 /* UIImageView+WebCache.m */ = {isa = PBXFileReference; fileEncoding = 4; lastKnownFileType = sourcecode.c.objc; path = "UIImageView+WebCache.m"; sourceTree = "<group>"; };
		5A5EFCE71E5A927B00F15F59 /* UIView+WebCache.h */ = {isa = PBXFileReference; fileEncoding = 4; lastKnownFileType = sourcecode.c.h; path = "UIView+WebCache.h"; sourceTree = "<group>"; };
		5A5EFCE81E5A927B00F15F59 /* UIView+WebCache.m */ = {isa = PBXFileReference; fileEncoding = 4; lastKnownFileType = sourcecode.c.objc; path = "UIView+WebCache.m"; sourceTree = "<group>"; };
		5A5EFCE91E5A927B00F15F59 /* UIView+WebCacheOperation.h */ = {isa = PBXFileReference; fileEncoding = 4; lastKnownFileType = sourcecode.c.h; path = "UIView+WebCacheOperation.h"; sourceTree = "<group>"; };
		5A5EFCEA1E5A927B00F15F59 /* UIView+WebCacheOperation.m */ = {isa = PBXFileReference; fileEncoding = 4; lastKnownFileType = sourcecode.c.objc; path = "UIView+WebCacheOperation.m"; sourceTree = "<group>"; };
		5A5EFD001E5A940800F15F59 /* FLAnimatedImage.h */ = {isa = PBXFileReference; fileEncoding = 4; lastKnownFileType = sourcecode.c.h; path = FLAnimatedImage.h; sourceTree = "<group>"; };
		5A5EFD011E5A940800F15F59 /* FLAnimatedImage.m */ = {isa = PBXFileReference; fileEncoding = 4; lastKnownFileType = sourcecode.c.objc; path = FLAnimatedImage.m; sourceTree = "<group>"; };
		5A5EFD021E5A940800F15F59 /* FLAnimatedImageView.h */ = {isa = PBXFileReference; fileEncoding = 4; lastKnownFileType = sourcecode.c.h; path = FLAnimatedImageView.h; sourceTree = "<group>"; };
		5A5EFD031E5A940800F15F59 /* FLAnimatedImageView.m */ = {isa = PBXFileReference; fileEncoding = 4; lastKnownFileType = sourcecode.c.objc; path = FLAnimatedImageView.m; sourceTree = "<group>"; };
		5A5EFD041E5A940800F15F59 /* Info.plist */ = {isa = PBXFileReference; fileEncoding = 4; lastKnownFileType = text.plist.xml; path = Info.plist; sourceTree = "<group>"; };
		5A5EFD491E5B63EC00F15F59 /* libsqlite3.0.tbd */ = {isa = PBXFileReference; lastKnownFileType = "sourcecode.text-based-dylib-definition"; name = libsqlite3.0.tbd; path = usr/lib/libsqlite3.0.tbd; sourceTree = SDKROOT; };
		5A5EFD4B1E5B641100F15F59 /* libc++.tbd */ = {isa = PBXFileReference; lastKnownFileType = "sourcecode.text-based-dylib-definition"; name = "libc++.tbd"; path = "usr/lib/libc++.tbd"; sourceTree = SDKROOT; };
		5A5EFD4D1E5B643700F15F59 /* libstdc++.6.0.9.tbd */ = {isa = PBXFileReference; lastKnownFileType = "sourcecode.text-based-dylib-definition"; name = "libstdc++.6.0.9.tbd"; path = "usr/lib/libstdc++.6.0.9.tbd"; sourceTree = SDKROOT; };
		5A9154941E60421700712E54 /* libz.tbd */ = {isa = PBXFileReference; lastKnownFileType = "sourcecode.text-based-dylib-definition"; name = libz.tbd; path = usr/lib/libz.tbd; sourceTree = SDKROOT; };
		5A9154961E60422400712E54 /* ImageIO.framework */ = {isa = PBXFileReference; lastKnownFileType = wrapper.framework; name = ImageIO.framework; path = System/Library/Frameworks/ImageIO.framework; sourceTree = SDKROOT; };
		5A9154981E60422F00712E54 /* Accelerate.framework */ = {isa = PBXFileReference; lastKnownFileType = wrapper.framework; name = Accelerate.framework; path = System/Library/Frameworks/Accelerate.framework; sourceTree = SDKROOT; };
		5A91549A1E60423A00712E54 /* MobileCoreServices.framework */ = {isa = PBXFileReference; lastKnownFileType = wrapper.framework; name = MobileCoreServices.framework; path = System/Library/Frameworks/MobileCoreServices.framework; sourceTree = SDKROOT; };
		5A91549C1E60424800712E54 /* QuartzCore.framework */ = {isa = PBXFileReference; lastKnownFileType = wrapper.framework; name = QuartzCore.framework; path = System/Library/Frameworks/QuartzCore.framework; sourceTree = SDKROOT; };
		5A91549E1E60425400712E54 /* AssetsLibrary.framework */ = {isa = PBXFileReference; lastKnownFileType = wrapper.framework; name = AssetsLibrary.framework; path = System/Library/Frameworks/AssetsLibrary.framework; sourceTree = SDKROOT; };
		5A9154A01E60426000712E54 /* CoreFoundation.framework */ = {isa = PBXFileReference; lastKnownFileType = wrapper.framework; name = CoreFoundation.framework; path = System/Library/Frameworks/CoreFoundation.framework; sourceTree = SDKROOT; };
		5A9154A21E60426C00712E54 /* libsqlite3.tbd */ = {isa = PBXFileReference; lastKnownFileType = "sourcecode.text-based-dylib-definition"; name = libsqlite3.tbd; path = usr/lib/libsqlite3.tbd; sourceTree = SDKROOT; };
		5A9154A41E60428D00712E54 /* UIKit.framework */ = {isa = PBXFileReference; lastKnownFileType = wrapper.framework; name = UIKit.framework; path = System/Library/Frameworks/UIKit.framework; sourceTree = SDKROOT; };
		5A9154A81E62DF1600712E54 /* GYCollectionViewCell.h */ = {isa = PBXFileReference; fileEncoding = 4; lastKnownFileType = sourcecode.c.h; path = GYCollectionViewCell.h; sourceTree = "<group>"; };
		5A9154A91E62DF1600712E54 /* GYCollectionViewCell.m */ = {isa = PBXFileReference; fileEncoding = 4; lastKnownFileType = sourcecode.c.objc; path = GYCollectionViewCell.m; sourceTree = "<group>"; };
		5A9154AA1E62DF1600712E54 /* GYPhotoBrowserVC.h */ = {isa = PBXFileReference; fileEncoding = 4; lastKnownFileType = sourcecode.c.h; path = GYPhotoBrowserVC.h; sourceTree = "<group>"; };
		5A9154AB1E62DF1600712E54 /* GYPhotoBrowserVC.m */ = {isa = PBXFileReference; fileEncoding = 4; lastKnownFileType = sourcecode.c.objc; path = GYPhotoBrowserVC.m; sourceTree = "<group>"; };
		5A9154AC1E62DF1600712E54 /* UIView+YGYAdd.h */ = {isa = PBXFileReference; fileEncoding = 4; lastKnownFileType = sourcecode.c.h; path = "UIView+YGYAdd.h"; sourceTree = "<group>"; };
		5A9154AD1E62DF1600712E54 /* UIView+YGYAdd.m */ = {isa = PBXFileReference; fileEncoding = 4; lastKnownFileType = sourcecode.c.objc; path = "UIView+YGYAdd.m"; sourceTree = "<group>"; };
		5A9154AE1E62DF1600712E54 /* UtilsMacro.h */ = {isa = PBXFileReference; fileEncoding = 4; lastKnownFileType = sourcecode.c.h; path = UtilsMacro.h; sourceTree = "<group>"; };
/* End PBXFileReference section */

/* Begin PBXFrameworksBuildPhase section */
		5A5EFC6D1E597B5200F15F59 /* Frameworks */ = {
			isa = PBXFrameworksBuildPhase;
			buildActionMask = 2147483647;
			files = (
				5A9154A51E60428D00712E54 /* UIKit.framework in Frameworks */,
				5A9154A31E60426C00712E54 /* libsqlite3.tbd in Frameworks */,
				5A9154A11E60426000712E54 /* CoreFoundation.framework in Frameworks */,
				5A91549F1E60425400712E54 /* AssetsLibrary.framework in Frameworks */,
				5A91549D1E60424800712E54 /* QuartzCore.framework in Frameworks */,
				5A91549B1E60423A00712E54 /* MobileCoreServices.framework in Frameworks */,
				5A9154991E60422F00712E54 /* Accelerate.framework in Frameworks */,
				5A9154971E60422400712E54 /* ImageIO.framework in Frameworks */,
				5A9154951E60421700712E54 /* libz.tbd in Frameworks */,
				5A5EFD4E1E5B643700F15F59 /* libstdc++.6.0.9.tbd in Frameworks */,
				5A5EFD4C1E5B641100F15F59 /* libc++.tbd in Frameworks */,
				5A5EFD4A1E5B63EC00F15F59 /* libsqlite3.0.tbd in Frameworks */,
			);
			runOnlyForDeploymentPostprocessing = 0;
		};
/* End PBXFrameworksBuildPhase section */

/* Begin PBXGroup section */
		5A5EFC671E597B5200F15F59 = {
			isa = PBXGroup;
			children = (
				5A5EFC721E597B5200F15F59 /* GYPhotoBrowser */,
				5A5EFC711E597B5200F15F59 /* Products */,
				5A5EFD481E5B63EC00F15F59 /* Frameworks */,
			);
			sourceTree = "<group>";
		};
		5A5EFC711E597B5200F15F59 /* Products */ = {
			isa = PBXGroup;
			children = (
				5A5EFC701E597B5200F15F59 /* GYPhotoBrowser.app */,
			);
			name = Products;
			sourceTree = "<group>";
		};
		5A5EFC721E597B5200F15F59 /* GYPhotoBrowser */ = {
			isa = PBXGroup;
			children = (
				5A9154A71E62DF1600712E54 /* GYPhotoBrowser */,
				5A5EFCFF1E5A940800F15F59 /* FLAnimatedImage */,
				5A5EFCC01E5A927B00F15F59 /* SDWebImage */,
				5A5EFC761E597B5200F15F59 /* AppDelegate.h */,
				5A5EFC771E597B5200F15F59 /* AppDelegate.m */,
				5A5EFC791E597B5200F15F59 /* ViewController.h */,
				5A5EFC7A1E597B5200F15F59 /* ViewController.m */,
				5A5EFC7C1E597B5200F15F59 /* Main.storyboard */,
				5A5EFC7F1E597B5200F15F59 /* Assets.xcassets */,
				5A5EFC811E597B5200F15F59 /* LaunchScreen.storyboard */,
				5A5EFC841E597B5200F15F59 /* Info.plist */,
				5A5EFC731E597B5200F15F59 /* Supporting Files */,
			);
			path = GYPhotoBrowser;
			sourceTree = "<group>";
		};
		5A5EFC731E597B5200F15F59 /* Supporting Files */ = {
			isa = PBXGroup;
			children = (
				5A5EFC741E597B5200F15F59 /* main.m */,
			);
			name = "Supporting Files";
			sourceTree = "<group>";
		};
		5A5EFCC01E5A927B00F15F59 /* SDWebImage */ = {
			isa = PBXGroup;
			children = (
				5A5EFCC11E5A927B00F15F59 /* FLAnimatedImage */,
				5A5EFCC41E5A927B00F15F59 /* MKAnnotationView+WebCache.h */,
				5A5EFCC51E5A927B00F15F59 /* MKAnnotationView+WebCache.m */,
				5A5EFCC61E5A927B00F15F59 /* NSData+ImageContentType.h */,
				5A5EFCC71E5A927B00F15F59 /* NSData+ImageContentType.m */,
				5A5EFCC81E5A927B00F15F59 /* NSImage+WebCache.h */,
				5A5EFCC91E5A927B00F15F59 /* NSImage+WebCache.m */,
				5A5EFCCA1E5A927B00F15F59 /* SDImageCache.h */,
				5A5EFCCB1E5A927B00F15F59 /* SDImageCache.m */,
				5A5EFCCC1E5A927B00F15F59 /* SDImageCacheConfig.h */,
				5A5EFCCD1E5A927B00F15F59 /* SDImageCacheConfig.m */,
				5A5EFCCE1E5A927B00F15F59 /* SDWebImageCompat.h */,
				5A5EFCCF1E5A927B00F15F59 /* SDWebImageCompat.m */,
				5A5EFCD01E5A927B00F15F59 /* SDWebImageDecoder.h */,
				5A5EFCD11E5A927B00F15F59 /* SDWebImageDecoder.m */,
				5A5EFCD21E5A927B00F15F59 /* SDWebImageDownloader.h */,
				5A5EFCD31E5A927B00F15F59 /* SDWebImageDownloader.m */,
				5A5EFCD41E5A927B00F15F59 /* SDWebImageDownloaderOperation.h */,
				5A5EFCD51E5A927B00F15F59 /* SDWebImageDownloaderOperation.m */,
				5A5EFCD61E5A927B00F15F59 /* SDWebImageManager.h */,
				5A5EFCD71E5A927B00F15F59 /* SDWebImageManager.m */,
				5A5EFCD81E5A927B00F15F59 /* SDWebImageOperation.h */,
				5A5EFCD91E5A927B00F15F59 /* SDWebImagePrefetcher.h */,
				5A5EFCDA1E5A927B00F15F59 /* SDWebImagePrefetcher.m */,
				5A5EFCDB1E5A927B00F15F59 /* UIButton+WebCache.h */,
				5A5EFCDC1E5A927B00F15F59 /* UIButton+WebCache.m */,
				5A5EFCDD1E5A927B00F15F59 /* UIImage+GIF.h */,
				5A5EFCDE1E5A927B00F15F59 /* UIImage+GIF.m */,
				5A5EFCDF1E5A927B00F15F59 /* UIImage+MultiFormat.h */,
				5A5EFCE01E5A927B00F15F59 /* UIImage+MultiFormat.m */,
				5A5EFCE11E5A927B00F15F59 /* UIImage+WebP.h */,
				5A5EFCE21E5A927B00F15F59 /* UIImage+WebP.m */,
				5A5EFCE31E5A927B00F15F59 /* UIImageView+HighlightedWebCache.h */,
				5A5EFCE41E5A927B00F15F59 /* UIImageView+HighlightedWebCache.m */,
				5A5EFCE51E5A927B00F15F59 /* UIImageView+WebCache.h */,
				5A5EFCE61E5A927B00F15F59 /* UIImageView+WebCache.m */,
				5A5EFCE71E5A927B00F15F59 /* UIView+WebCache.h */,
				5A5EFCE81E5A927B00F15F59 /* UIView+WebCache.m */,
				5A5EFCE91E5A927B00F15F59 /* UIView+WebCacheOperation.h */,
				5A5EFCEA1E5A927B00F15F59 /* UIView+WebCacheOperation.m */,
			);
			path = SDWebImage;
			sourceTree = "<group>";
		};
		5A5EFCC11E5A927B00F15F59 /* FLAnimatedImage */ = {
			isa = PBXGroup;
			children = (
				5A5EFCC21E5A927B00F15F59 /* FLAnimatedImageView+WebCache.h */,
				5A5EFCC31E5A927B00F15F59 /* FLAnimatedImageView+WebCache.m */,
			);
			path = FLAnimatedImage;
			sourceTree = "<group>";
		};
		5A5EFCFF1E5A940800F15F59 /* FLAnimatedImage */ = {
			isa = PBXGroup;
			children = (
				5A5EFD001E5A940800F15F59 /* FLAnimatedImage.h */,
				5A5EFD011E5A940800F15F59 /* FLAnimatedImage.m */,
				5A5EFD021E5A940800F15F59 /* FLAnimatedImageView.h */,
				5A5EFD031E5A940800F15F59 /* FLAnimatedImageView.m */,
				5A5EFD041E5A940800F15F59 /* Info.plist */,
			);
			path = FLAnimatedImage;
			sourceTree = "<group>";
		};
		5A5EFD481E5B63EC00F15F59 /* Frameworks */ = {
			isa = PBXGroup;
			children = (
				5A9154A41E60428D00712E54 /* UIKit.framework */,
				5A9154A21E60426C00712E54 /* libsqlite3.tbd */,
				5A9154A01E60426000712E54 /* CoreFoundation.framework */,
				5A91549E1E60425400712E54 /* AssetsLibrary.framework */,
				5A91549C1E60424800712E54 /* QuartzCore.framework */,
				5A91549A1E60423A00712E54 /* MobileCoreServices.framework */,
				5A9154981E60422F00712E54 /* Accelerate.framework */,
				5A9154961E60422400712E54 /* ImageIO.framework */,
				5A9154941E60421700712E54 /* libz.tbd */,
				5A5EFD4D1E5B643700F15F59 /* libstdc++.6.0.9.tbd */,
				5A5EFD4B1E5B641100F15F59 /* libc++.tbd */,
				5A5EFD491E5B63EC00F15F59 /* libsqlite3.0.tbd */,
			);
			name = Frameworks;
			sourceTree = "<group>";
		};
		5A9154A71E62DF1600712E54 /* GYPhotoBrowser */ = {
			isa = PBXGroup;
			children = (
				5A9154A81E62DF1600712E54 /* GYCollectionViewCell.h */,
				5A9154A91E62DF1600712E54 /* GYCollectionViewCell.m */,
				5A9154AA1E62DF1600712E54 /* GYPhotoBrowserVC.h */,
				5A9154AB1E62DF1600712E54 /* GYPhotoBrowserVC.m */,
				5A9154AC1E62DF1600712E54 /* UIView+YGYAdd.h */,
				5A9154AD1E62DF1600712E54 /* UIView+YGYAdd.m */,
				5A9154AE1E62DF1600712E54 /* UtilsMacro.h */,
			);
			path = GYPhotoBrowser;
			sourceTree = "<group>";
		};
/* End PBXGroup section */

/* Begin PBXNativeTarget section */
		5A5EFC6F1E597B5200F15F59 /* GYPhotoBrowser */ = {
			isa = PBXNativeTarget;
			buildConfigurationList = 5A5EFC871E597B5200F15F59 /* Build configuration list for PBXNativeTarget "GYPhotoBrowser" */;
			buildPhases = (
				5A5EFC6C1E597B5200F15F59 /* Sources */,
				5A5EFC6D1E597B5200F15F59 /* Frameworks */,
				5A5EFC6E1E597B5200F15F59 /* Resources */,
			);
			buildRules = (
			);
			dependencies = (
			);
			name = GYPhotoBrowser;
			productName = GYPhotoBrowser;
			productReference = 5A5EFC701E597B5200F15F59 /* GYPhotoBrowser.app */;
			productType = "com.apple.product-type.application";
		};
/* End PBXNativeTarget section */

/* Begin PBXProject section */
		5A5EFC681E597B5200F15F59 /* Project object */ = {
			isa = PBXProject;
			attributes = {
				LastUpgradeCheck = 0820;
				ORGANIZATIONNAME = yangguangyu;
				TargetAttributes = {
					5A5EFC6F1E597B5200F15F59 = {
						CreatedOnToolsVersion = 8.2.1;
						DevelopmentTeam = C4RYR3E37H;
						ProvisioningStyle = Automatic;
					};
				};
			};
			buildConfigurationList = 5A5EFC6B1E597B5200F15F59 /* Build configuration list for PBXProject "GYPhotoBrowser" */;
			compatibilityVersion = "Xcode 3.2";
			developmentRegion = English;
			hasScannedForEncodings = 0;
			knownRegions = (
				en,
				Base,
			);
			mainGroup = 5A5EFC671E597B5200F15F59;
			productRefGroup = 5A5EFC711E597B5200F15F59 /* Products */;
			projectDirPath = "";
			projectRoot = "";
			targets = (
				5A5EFC6F1E597B5200F15F59 /* GYPhotoBrowser */,
			);
		};
/* End PBXProject section */

/* Begin PBXResourcesBuildPhase section */
		5A5EFC6E1E597B5200F15F59 /* Resources */ = {
			isa = PBXResourcesBuildPhase;
			buildActionMask = 2147483647;
			files = (
				5A5EFD071E5A940800F15F59 /* Info.plist in Resources */,
				5A5EFC831E597B5200F15F59 /* LaunchScreen.storyboard in Resources */,
				5A5EFC801E597B5200F15F59 /* Assets.xcassets in Resources */,
				5A5EFC7E1E597B5200F15F59 /* Main.storyboard in Resources */,
			);
			runOnlyForDeploymentPostprocessing = 0;
		};
/* End PBXResourcesBuildPhase section */

/* Begin PBXSourcesBuildPhase section */
		5A5EFC6C1E597B5200F15F59 /* Sources */ = {
			isa = PBXSourcesBuildPhase;
			buildActionMask = 2147483647;
			files = (
				5A5EFCF21E5A927B00F15F59 /* SDWebImageDecoder.m in Sources */,
				5A5EFCF51E5A927B00F15F59 /* SDWebImageManager.m in Sources */,
				5A5EFCFD1E5A927B00F15F59 /* UIView+WebCache.m in Sources */,
				5A5EFCF01E5A927B00F15F59 /* SDImageCacheConfig.m in Sources */,
				5A5EFCF11E5A927B00F15F59 /* SDWebImageCompat.m in Sources */,
				5A5EFCFA1E5A927B00F15F59 /* UIImage+WebP.m in Sources */,
				5A9154AF1E62DF1600712E54 /* GYCollectionViewCell.m in Sources */,
				5A5EFCFB1E5A927B00F15F59 /* UIImageView+HighlightedWebCache.m in Sources */,
				5A5EFC7B1E597B5200F15F59 /* ViewController.m in Sources */,
				5A5EFCED1E5A927B00F15F59 /* NSData+ImageContentType.m in Sources */,
				5A5EFCF71E5A927B00F15F59 /* UIButton+WebCache.m in Sources */,
				5A5EFD061E5A940800F15F59 /* FLAnimatedImageView.m in Sources */,
				5A9154B11E62DF1600712E54 /* UIView+YGYAdd.m in Sources */,
				5A5EFCF61E5A927B00F15F59 /* SDWebImagePrefetcher.m in Sources */,
				5A5EFCFE1E5A927B00F15F59 /* UIView+WebCacheOperation.m in Sources */,
				5A5EFCF41E5A927B00F15F59 /* SDWebImageDownloaderOperation.m in Sources */,
				5A5EFC781E597B5200F15F59 /* AppDelegate.m in Sources */,
				5A5EFC751E597B5200F15F59 /* main.m in Sources */,
				5A5EFCF91E5A927B00F15F59 /* UIImage+MultiFormat.m in Sources */,
				5A5EFCEC1E5A927B00F15F59 /* MKAnnotationView+WebCache.m in Sources */,
				5A5EFCEB1E5A927B00F15F59 /* FLAnimatedImageView+WebCache.m in Sources */,
				5A5EFCEE1E5A927B00F15F59 /* NSImage+WebCache.m in Sources */,
				5A5EFCF81E5A927B00F15F59 /* UIImage+GIF.m in Sources */,
				5A5EFD051E5A940800F15F59 /* FLAnimatedImage.m in Sources */,
				5A5EFCF31E5A927B00F15F59 /* SDWebImageDownloader.m in Sources */,
				5A9154B01E62DF1600712E54 /* GYPhotoBrowserVC.m in Sources */,
				5A5EFCFC1E5A927B00F15F59 /* UIImageView+WebCache.m in Sources */,
				5A5EFCEF1E5A927B00F15F59 /* SDImageCache.m in Sources */,
			);
			runOnlyForDeploymentPostprocessing = 0;
		};
/* End PBXSourcesBuildPhase section */

/* Begin PBXVariantGroup section */
		5A5EFC7C1E597B5200F15F59 /* Main.storyboard */ = {
			isa = PBXVariantGroup;
			children = (
				5A5EFC7D1E597B5200F15F59 /* Base */,
			);
			name = Main.storyboard;
			sourceTree = "<group>";
		};
		5A5EFC811E597B5200F15F59 /* LaunchScreen.storyboard */ = {
			isa = PBXVariantGroup;
			children = (
				5A5EFC821E597B5200F15F59 /* Base */,
			);
			name = LaunchScreen.storyboard;
			sourceTree = "<group>";
		};
/* End PBXVariantGroup section */

/* Begin XCBuildConfiguration section */
		5A5EFC851E597B5200F15F59 /* Debug */ = {
			isa = XCBuildConfiguration;
			buildSettings = {
				ALWAYS_SEARCH_USER_PATHS = NO;
				CLANG_ANALYZER_NONNULL = YES;
				CLANG_CXX_LANGUAGE_STANDARD = "gnu++0x";
				CLANG_CXX_LIBRARY = "libc++";
				CLANG_ENABLE_MODULES = YES;
				CLANG_ENABLE_OBJC_ARC = YES;
				CLANG_WARN_BOOL_CONVERSION = YES;
				CLANG_WARN_CONSTANT_CONVERSION = YES;
				CLANG_WARN_DIRECT_OBJC_ISA_USAGE = YES_ERROR;
				CLANG_WARN_DOCUMENTATION_COMMENTS = YES;
				CLANG_WARN_EMPTY_BODY = YES;
				CLANG_WARN_ENUM_CONVERSION = YES;
				CLANG_WARN_INFINITE_RECURSION = YES;
				CLANG_WARN_INT_CONVERSION = YES;
				CLANG_WARN_OBJC_ROOT_CLASS = YES_ERROR;
				CLANG_WARN_SUSPICIOUS_MOVE = YES;
				CLANG_WARN_UNREACHABLE_CODE = YES;
				CLANG_WARN__DUPLICATE_METHOD_MATCH = YES;
				"CODE_SIGN_IDENTITY[sdk=iphoneos*]" = "iPhone Developer";
				COPY_PHASE_STRIP = NO;
				DEBUG_INFORMATION_FORMAT = dwarf;
				ENABLE_STRICT_OBJC_MSGSEND = YES;
				ENABLE_TESTABILITY = YES;
				GCC_C_LANGUAGE_STANDARD = gnu99;
				GCC_DYNAMIC_NO_PIC = NO;
				GCC_NO_COMMON_BLOCKS = YES;
				GCC_OPTIMIZATION_LEVEL = 0;
				GCC_PREPROCESSOR_DEFINITIONS = (
					"DEBUG=1",
					"$(inherited)",
				);
				GCC_WARN_64_TO_32_BIT_CONVERSION = YES;
				GCC_WARN_ABOUT_RETURN_TYPE = YES_ERROR;
				GCC_WARN_UNDECLARED_SELECTOR = YES;
				GCC_WARN_UNINITIALIZED_AUTOS = YES_AGGRESSIVE;
				GCC_WARN_UNUSED_FUNCTION = YES;
				GCC_WARN_UNUSED_VARIABLE = YES;
				IPHONEOS_DEPLOYMENT_TARGET = 10.2;
				MTL_ENABLE_DEBUG_INFO = YES;
				ONLY_ACTIVE_ARCH = YES;
				SDKROOT = iphoneos;
			};
			name = Debug;
		};
		5A5EFC861E597B5200F15F59 /* Release */ = {
			isa = XCBuildConfiguration;
			buildSettings = {
				ALWAYS_SEARCH_USER_PATHS = NO;
				CLANG_ANALYZER_NONNULL = YES;
				CLANG_CXX_LANGUAGE_STANDARD = "gnu++0x";
				CLANG_CXX_LIBRARY = "libc++";
				CLANG_ENABLE_MODULES = YES;
				CLANG_ENABLE_OBJC_ARC = YES;
				CLANG_WARN_BOOL_CONVERSION = YES;
				CLANG_WARN_CONSTANT_CONVERSION = YES;
				CLANG_WARN_DIRECT_OBJC_ISA_USAGE = YES_ERROR;
				CLANG_WARN_DOCUMENTATION_COMMENTS = YES;
				CLANG_WARN_EMPTY_BODY = YES;
				CLANG_WARN_ENUM_CONVERSION = YES;
				CLANG_WARN_INFINITE_RECURSION = YES;
				CLANG_WARN_INT_CONVERSION = YES;
				CLANG_WARN_OBJC_ROOT_CLASS = YES_ERROR;
				CLANG_WARN_SUSPICIOUS_MOVE = YES;
				CLANG_WARN_UNREACHABLE_CODE = YES;
				CLANG_WARN__DUPLICATE_METHOD_MATCH = YES;
				"CODE_SIGN_IDENTITY[sdk=iphoneos*]" = "iPhone Developer";
				COPY_PHASE_STRIP = NO;
				DEBUG_INFORMATION_FORMAT = "dwarf-with-dsym";
				ENABLE_NS_ASSERTIONS = NO;
				ENABLE_STRICT_OBJC_MSGSEND = YES;
				GCC_C_LANGUAGE_STANDARD = gnu99;
				GCC_NO_COMMON_BLOCKS = YES;
				GCC_WARN_64_TO_32_BIT_CONVERSION = YES;
				GCC_WARN_ABOUT_RETURN_TYPE = YES_ERROR;
				GCC_WARN_UNDECLARED_SELECTOR = YES;
				GCC_WARN_UNINITIALIZED_AUTOS = YES_AGGRESSIVE;
				GCC_WARN_UNUSED_FUNCTION = YES;
				GCC_WARN_UNUSED_VARIABLE = YES;
				IPHONEOS_DEPLOYMENT_TARGET = 10.2;
				MTL_ENABLE_DEBUG_INFO = NO;
				SDKROOT = iphoneos;
				VALIDATE_PRODUCT = YES;
			};
			name = Release;
		};
		5A5EFC881E597B5200F15F59 /* Debug */ = {
			isa = XCBuildConfiguration;
			buildSettings = {
				ASSETCATALOG_COMPILER_APPICON_NAME = AppIcon;
				DEVELOPMENT_TEAM = C4RYR3E37H;
				INFOPLIST_FILE = GYPhotoBrowser/Info.plist;
				LD_RUNPATH_SEARCH_PATHS = "$(inherited) @executable_path/Frameworks";
				PRODUCT_BUNDLE_IDENTIFIER = ygy.ios.GYPhotoBrowser;
				PRODUCT_NAME = "$(TARGET_NAME)";
			};
			name = Debug;
		};
		5A5EFC891E597B5200F15F59 /* Release */ = {
			isa = XCBuildConfiguration;
			buildSettings = {
				ASSETCATALOG_COMPILER_APPICON_NAME = AppIcon;
				DEVELOPMENT_TEAM = C4RYR3E37H;
				INFOPLIST_FILE = GYPhotoBrowser/Info.plist;
				LD_RUNPATH_SEARCH_PATHS = "$(inherited) @executable_path/Frameworks";
				PRODUCT_BUNDLE_IDENTIFIER = ygy.ios.GYPhotoBrowser;
				PRODUCT_NAME = "$(TARGET_NAME)";
			};
			name = Release;
		};
/* End XCBuildConfiguration section */

/* Begin XCConfigurationList section */
		5A5EFC6B1E597B5200F15F59 /* Build configuration list for PBXProject "GYPhotoBrowser" */ = {
			isa = XCConfigurationList;
			buildConfigurations = (
				5A5EFC851E597B5200F15F59 /* Debug */,
				5A5EFC861E597B5200F15F59 /* Release */,
			);
			defaultConfigurationIsVisible = 0;
			defaultConfigurationName = Release;
		};
		5A5EFC871E597B5200F15F59 /* Build configuration list for PBXNativeTarget "GYPhotoBrowser" */ = {
			isa = XCConfigurationList;
			buildConfigurations = (
				5A5EFC881E597B5200F15F59 /* Debug */,
				5A5EFC891E597B5200F15F59 /* Release */,
			);
			defaultConfigurationIsVisible = 0;
			defaultConfigurationName = Release;
		};
/* End XCConfigurationList section */
	};
	rootObject = 5A5EFC681E597B5200F15F59 /* Project object */;
}
